
Microsoft Visual Studio Solution File, Format Version 12.00
# Visual Studio Version 17
VisualStudioVersion = 17.7.34024.191
MinimumVisualStudioVersion = 10.0.40219.1
Project("{FAE04EC0-301F-11D3-BF4B-00C04F79EFBC}") = "Week6StringsAndArrays", "Week6StringsAndArrays\Week6StringsAndArrays.csproj", "{701FDB5F-39C7-4BD4-87D6-456BAA759D77}"
EndProject
Project("{FAE04EC0-301F-11D3-BF4B-00C04F79EFBC}") = "Arrays", "Arrays\Arrays.csproj", "{9F988016-675C-44C2-8929-DA42E1C8801F}"
EndProject
Project("{FAE04EC0-301F-11D3-BF4B-00C04F79EFBC}") = "NumberArrays", "NumberArrays\NumberArrays.csproj", "{C09520FC-6FB4-4CDF-A898-A8338861C122}"
EndProject
Project("{FAE04EC0-301F-11D3-BF4B-00C04F79EFBC}") = "RandomElement", "RandomElement\RandomElement.csproj", "{EB84013E-4EEE-452A-A156-235B583DF21E}"
EndProject
Global
	GlobalSection(SolutionConfigurationPlatforms) = preSolution
		Debug|Any CPU = Debug|Any CPU
		Release|Any CPU = Release|Any CPU
	EndGlobalSection
	GlobalSection(ProjectConfigurationPlatforms) = postSolution
		{701FDB5F-39C7-4BD4-87D6-456BAA759D77}.Debug|Any CPU.ActiveCfg = Debug|Any CPU
		{701FDB5F-39C7-4BD4-87D6-456BAA759D77}.Debug|Any CPU.Build.0 = Debug|Any CPU
		{701FDB5F-39C7-4BD4-87D6-456BAA759D77}.Release|Any CPU.ActiveCfg = Release|Any CPU
		{701FDB5F-39C7-4BD4-87D6-456BAA759D77}.Release|Any CPU.Build.0 = Release|Any CPU
		{9F988016-675C-44C2-8929-DA42E1C8801F}.Debug|Any CPU.ActiveCfg = Debug|Any CPU
		{9F988016-675C-44C2-8929-DA42E1C8801F}.Debug|Any CPU.Build.0 = Debug|Any CPU
		{9F988016-675C-44C2-8929-DA42E1C8801F}.Release|Any CPU.ActiveCfg = Release|Any CPU
		{9F988016-675C-44C2-8929-DA42E1C8801F}.Release|Any CPU.Build.0 = Release|Any CPU
		{C09520FC-6FB4-4CDF-A898-A8338861C122}.Debug|Any CPU.ActiveCfg = Debug|Any CPU
		{C09520FC-6FB4-4CDF-A898-A8338861C122}.Debug|Any CPU.Build.0 = Debug|Any CPU
		{C09520FC-6FB4-4CDF-A898-A8338861C122}.Release|Any CPU.ActiveCfg = Release|Any CPU
		{C09520FC-6FB4-4CDF-A898-A8338861C122}.Release|Any CPU.Build.0 = Release|Any CPU
		{EB84013E-4EEE-452A-A156-235B583DF21E}.Debug|Any CPU.ActiveCfg = Debug|Any CPU
		{EB84013E-4EEE-452A-A156-235B583DF21E}.Debug|Any CPU.Build.0 = Debug|Any CPU
		{EB84013E-4EEE-452A-A156-235B583DF21E}.Release|Any CPU.ActiveCfg = Release|Any CPU
		{EB84013E-4EEE-452A-A156-235B583DF21E}.Release|Any CPU.Build.0 = Release|Any CPU
	EndGlobalSection
	GlobalSection(SolutionProperties) = preSolution
		HideSolutionNode = FALSE
	EndGlobalSection
	GlobalSection(ExtensibilityGlobals) = postSolution
		SolutionGuid = {CC4D8642-2871-49D9-BBE8-1F0AC9714BF7}
	EndGlobalSection
EndGlobal
